
Microsoft Visual Studio Solution File, Format Version 12.00
# Visual Studio 15
VisualStudioVersion = 15.0.28010.2041
MinimumVisualStudioVersion = 10.0.40219.1
Project("{FAE04EC0-301F-11D3-BF4B-00C04F79EFBC}") = "Die Legenden der alten Zeit - SL", "Die Legenden der alten Zeit - SL\Die Legenden der alten Zeit - SL.csproj", "{F3E4E09E-E7F2-4EEF-87B7-276D7D8DEEB4}"
	ProjectSection(ProjectDependencies) = postProject
		{068E5F04-D5EC-4DAA-A8FA-46FED3F2B708} = {068E5F04-D5EC-4DAA-A8FA-46FED3F2B708}
	EndProjectSection
EndProject
Project("{FAE04EC0-301F-11D3-BF4B-00C04F79EFBC}") = "Zeus", "..\The Vault\Zeus\Zeus.csproj", "{068E5F04-D5EC-4DAA-A8FA-46FED3F2B708}"
EndProject
Project("{FAE04EC0-301F-11D3-BF4B-00C04F79EFBC}") = "Die Legenden der Alten Zeit_Lib", "Die Legenden der Alten Zeit_Lib\Die Legenden der Alten Zeit_Lib.csproj", "{EBBB20B1-2823-427F-B9FB-CCE576CA5DA0}"
EndProject
Project("{FAE04EC0-301F-11D3-BF4B-00C04F79EFBC}") = "Die Legenden der alten Zeit - SC", "Die Legenden der alten Zeit - SC\Die Legenden der alten Zeit - SC.csproj", "{92F2F8AE-63B8-4645-AC7F-A13798BB45BE}"
EndProject
Project("{FAE04EC0-301F-11D3-BF4B-00C04F79EFBC}") = "Die Legenden der alten Zeit - Karte", "Die Legenden der alten Zeit - Karte\Die Legenden der alten Zeit - Karte.csproj", "{EC64C857-F230-4F12-B656-16AB0FF272E4}"
EndProject
Project("{FAE04EC0-301F-11D3-BF4B-00C04F79EFBC}") = "Die Legenden der Alten Zeit - MapLib", "Die Legenden der Alten Zeit - MapLib\Die Legenden der Alten Zeit - MapLib.csproj", "{9CE5E0E8-3D9E-4B6B-A3D1-C1B2C842A458}"
EndProject
Project("{FAE04EC0-301F-11D3-BF4B-00C04F79EFBC}") = "Die Legenden der Alten Zeit - Mapeditor", "Die Legenden der Alten Zeit - Mapeditor\Die Legenden der Alten Zeit - Mapeditor.csproj", "{B48CC713-DB2A-4FB8-854F-FD300E76AC47}"
EndProject
Global
	GlobalSection(SolutionConfigurationPlatforms) = preSolution
		Debug|Android = Debug|Android
		Debug|Any CPU = Debug|Any CPU
		Debug|iOS = Debug|iOS
		Debug|Windows-ARM = Debug|Windows-ARM
		Debug|Windows-x64 = Debug|Windows-x64
		Debug|Windows-x86 = Debug|Windows-x86
		Debug|x86 = Debug|x86
		Release|Android = Release|Android
		Release|Any CPU = Release|Any CPU
		Release|iOS = Release|iOS
		Release|Windows-ARM = Release|Windows-ARM
		Release|Windows-x64 = Release|Windows-x64
		Release|Windows-x86 = Release|Windows-x86
		Release|x86 = Release|x86
	EndGlobalSection
	GlobalSection(ProjectConfigurationPlatforms) = postSolution
		{F3E4E09E-E7F2-4EEF-87B7-276D7D8DEEB4}.Debug|Android.ActiveCfg = Debug|Any CPU
		{F3E4E09E-E7F2-4EEF-87B7-276D7D8DEEB4}.Debug|Android.Build.0 = Debug|Any CPU
		{F3E4E09E-E7F2-4EEF-87B7-276D7D8DEEB4}.Debug|Any CPU.ActiveCfg = Debug|Any CPU
		{F3E4E09E-E7F2-4EEF-87B7-276D7D8DEEB4}.Debug|Any CPU.Build.0 = Debug|Any CPU
		{F3E4E09E-E7F2-4EEF-87B7-276D7D8DEEB4}.Debug|iOS.ActiveCfg = Debug|Any CPU
		{F3E4E09E-E7F2-4EEF-87B7-276D7D8DEEB4}.Debug|iOS.Build.0 = Debug|Any CPU
		{F3E4E09E-E7F2-4EEF-87B7-276D7D8DEEB4}.Debug|Windows-ARM.ActiveCfg = Debug|Any CPU
		{F3E4E09E-E7F2-4EEF-87B7-276D7D8DEEB4}.Debug|Windows-ARM.Build.0 = Debug|Any CPU
		{F3E4E09E-E7F2-4EEF-87B7-276D7D8DEEB4}.Debug|Windows-x64.ActiveCfg = Debug|Any CPU
		{F3E4E09E-E7F2-4EEF-87B7-276D7D8DEEB4}.Debug|Windows-x64.Build.0 = Debug|Any CPU
		{F3E4E09E-E7F2-4EEF-87B7-276D7D8DEEB4}.Debug|Windows-x86.ActiveCfg = Debug|Any CPU
		{F3E4E09E-E7F2-4EEF-87B7-276D7D8DEEB4}.Debug|Windows-x86.Build.0 = Debug|Any CPU
		{F3E4E09E-E7F2-4EEF-87B7-276D7D8DEEB4}.Debug|x86.ActiveCfg = Debug|Any CPU
		{F3E4E09E-E7F2-4EEF-87B7-276D7D8DEEB4}.Debug|x86.Build.0 = Debug|Any CPU
		{F3E4E09E-E7F2-4EEF-87B7-276D7D8DEEB4}.Release|Android.ActiveCfg = Release|Any CPU
		{F3E4E09E-E7F2-4EEF-87B7-276D7D8DEEB4}.Release|Android.Build.0 = Release|Any CPU
		{F3E4E09E-E7F2-4EEF-87B7-276D7D8DEEB4}.Release|Any CPU.ActiveCfg = Release|Any CPU
		{F3E4E09E-E7F2-4EEF-87B7-276D7D8DEEB4}.Release|Any CPU.Build.0 = Release|Any CPU
		{F3E4E09E-E7F2-4EEF-87B7-276D7D8DEEB4}.Release|iOS.ActiveCfg = Release|Any CPU
		{F3E4E09E-E7F2-4EEF-87B7-276D7D8DEEB4}.Release|iOS.Build.0 = Release|Any CPU
		{F3E4E09E-E7F2-4EEF-87B7-276D7D8DEEB4}.Release|Windows-ARM.ActiveCfg = Release|Any CPU
		{F3E4E09E-E7F2-4EEF-87B7-276D7D8DEEB4}.Release|Windows-ARM.Build.0 = Release|Any CPU
		{F3E4E09E-E7F2-4EEF-87B7-276D7D8DEEB4}.Release|Windows-x64.ActiveCfg = Release|Any CPU
		{F3E4E09E-E7F2-4EEF-87B7-276D7D8DEEB4}.Release|Windows-x64.Build.0 = Release|Any CPU
		{F3E4E09E-E7F2-4EEF-87B7-276D7D8DEEB4}.Release|Windows-x86.ActiveCfg = Release|Any CPU
		{F3E4E09E-E7F2-4EEF-87B7-276D7D8DEEB4}.Release|Windows-x86.Build.0 = Release|Any CPU
		{F3E4E09E-E7F2-4EEF-87B7-276D7D8DEEB4}.Release|x86.ActiveCfg = Release|Any CPU
		{F3E4E09E-E7F2-4EEF-87B7-276D7D8DEEB4}.Release|x86.Build.0 = Release|Any CPU
		{068E5F04-D5EC-4DAA-A8FA-46FED3F2B708}.Debug|Android.ActiveCfg = Debug|Any CPU
		{068E5F04-D5EC-4DAA-A8FA-46FED3F2B708}.Debug|Android.Build.0 = Debug|Any CPU
		{068E5F04-D5EC-4DAA-A8FA-46FED3F2B708}.Debug|Any CPU.ActiveCfg = Debug|Any CPU
		{068E5F04-D5EC-4DAA-A8FA-46FED3F2B708}.Debug|Any CPU.Build.0 = Debug|Any CPU
		{068E5F04-D5EC-4DAA-A8FA-46FED3F2B708}.Debug|iOS.ActiveCfg = Debug|Any CPU
		{068E5F04-D5EC-4DAA-A8FA-46FED3F2B708}.Debug|iOS.Build.0 = Debug|Any CPU
		{068E5F04-D5EC-4DAA-A8FA-46FED3F2B708}.Debug|Windows-ARM.ActiveCfg = Debug|Any CPU
		{068E5F04-D5EC-4DAA-A8FA-46FED3F2B708}.Debug|Windows-ARM.Build.0 = Debug|Any CPU
		{068E5F04-D5EC-4DAA-A8FA-46FED3F2B708}.Debug|Windows-x64.ActiveCfg = Debug|Any CPU
		{068E5F04-D5EC-4DAA-A8FA-46FED3F2B708}.Debug|Windows-x64.Build.0 = Debug|Any CPU
		{068E5F04-D5EC-4DAA-A8FA-46FED3F2B708}.Debug|Windows-x86.ActiveCfg = Debug|Any CPU
		{068E5F04-D5EC-4DAA-A8FA-46FED3F2B708}.Debug|Windows-x86.Build.0 = Debug|Any CPU
		{068E5F04-D5EC-4DAA-A8FA-46FED3F2B708}.Debug|x86.ActiveCfg = Debug|Any CPU
		{068E5F04-D5EC-4DAA-A8FA-46FED3F2B708}.Debug|x86.Build.0 = Debug|Any CPU
		{068E5F04-D5EC-4DAA-A8FA-46FED3F2B708}.Release|Android.ActiveCfg = Release|Any CPU
		{068E5F04-D5EC-4DAA-A8FA-46FED3F2B708}.Release|Android.Build.0 = Release|Any CPU
		{068E5F04-D5EC-4DAA-A8FA-46FED3F2B708}.Release|Any CPU.ActiveCfg = Release|Any CPU
		{068E5F04-D5EC-4DAA-A8FA-46FED3F2B708}.Release|Any CPU.Build.0 = Release|Any CPU
		{068E5F04-D5EC-4DAA-A8FA-46FED3F2B708}.Release|iOS.ActiveCfg = Release|Any CPU
		{068E5F04-D5EC-4DAA-A8FA-46FED3F2B708}.Release|iOS.Build.0 = Release|Any CPU
		{068E5F04-D5EC-4DAA-A8FA-46FED3F2B708}.Release|Windows-ARM.ActiveCfg = Release|Any CPU
		{068E5F04-D5EC-4DAA-A8FA-46FED3F2B708}.Release|Windows-ARM.Build.0 = Release|Any CPU
		{068E5F04-D5EC-4DAA-A8FA-46FED3F2B708}.Release|Windows-x64.ActiveCfg = Release|Any CPU
		{068E5F04-D5EC-4DAA-A8FA-46FED3F2B708}.Release|Windows-x64.Build.0 = Release|Any CPU
		{068E5F04-D5EC-4DAA-A8FA-46FED3F2B708}.Release|Windows-x86.ActiveCfg = Release|Any CPU
		{068E5F04-D5EC-4DAA-A8FA-46FED3F2B708}.Release|Windows-x86.Build.0 = Release|Any CPU
		{068E5F04-D5EC-4DAA-A8FA-46FED3F2B708}.Release|x86.ActiveCfg = Release|Any CPU
		{068E5F04-D5EC-4DAA-A8FA-46FED3F2B708}.Release|x86.Build.0 = Release|Any CPU
		{EBBB20B1-2823-427F-B9FB-CCE576CA5DA0}.Debug|Android.ActiveCfg = Debug|Any CPU
		{EBBB20B1-2823-427F-B9FB-CCE576CA5DA0}.Debug|Android.Build.0 = Debug|Any CPU
		{EBBB20B1-2823-427F-B9FB-CCE576CA5DA0}.Debug|Any CPU.ActiveCfg = Debug|Any CPU
		{EBBB20B1-2823-427F-B9FB-CCE576CA5DA0}.Debug|Any CPU.Build.0 = Debug|Any CPU
		{EBBB20B1-2823-427F-B9FB-CCE576CA5DA0}.Debug|iOS.ActiveCfg = Debug|Any CPU
		{EBBB20B1-2823-427F-B9FB-CCE576CA5DA0}.Debug|iOS.Build.0 = Debug|Any CPU
		{EBBB20B1-2823-427F-B9FB-CCE576CA5DA0}.Debug|Windows-ARM.ActiveCfg = Debug|Any CPU
		{EBBB20B1-2823-427F-B9FB-CCE576CA5DA0}.Debug|Windows-ARM.Build.0 = Debug|Any CPU
		{EBBB20B1-2823-427F-B9FB-CCE576CA5DA0}.Debug|Windows-x64.ActiveCfg = Debug|Any CPU
		{EBBB20B1-2823-427F-B9FB-CCE576CA5DA0}.Debug|Windows-x64.Build.0 = Debug|Any CPU
		{EBBB20B1-2823-427F-B9FB-CCE576CA5DA0}.Debug|Windows-x86.ActiveCfg = Debug|Any CPU
		{EBBB20B1-2823-427F-B9FB-CCE576CA5DA0}.Debug|Windows-x86.Build.0 = Debug|Any CPU
		{EBBB20B1-2823-427F-B9FB-CCE576CA5DA0}.Debug|x86.ActiveCfg = Debug|Any CPU
		{EBBB20B1-2823-427F-B9FB-CCE576CA5DA0}.Debug|x86.Build.0 = Debug|Any CPU
		{EBBB20B1-2823-427F-B9FB-CCE576CA5DA0}.Release|Android.ActiveCfg = Release|Any CPU
		{EBBB20B1-2823-427F-B9FB-CCE576CA5DA0}.Release|Android.Build.0 = Release|Any CPU
		{EBBB20B1-2823-427F-B9FB-CCE576CA5DA0}.Release|Any CPU.ActiveCfg = Release|Any CPU
		{EBBB20B1-2823-427F-B9FB-CCE576CA5DA0}.Release|Any CPU.Build.0 = Release|Any CPU
		{EBBB20B1-2823-427F-B9FB-CCE576CA5DA0}.Release|iOS.ActiveCfg = Release|Any CPU
		{EBBB20B1-2823-427F-B9FB-CCE576CA5DA0}.Release|iOS.Build.0 = Release|Any CPU
		{EBBB20B1-2823-427F-B9FB-CCE576CA5DA0}.Release|Windows-ARM.ActiveCfg = Release|Any CPU
		{EBBB20B1-2823-427F-B9FB-CCE576CA5DA0}.Release|Windows-ARM.Build.0 = Release|Any CPU
		{EBBB20B1-2823-427F-B9FB-CCE576CA5DA0}.Release|Windows-x64.ActiveCfg = Release|Any CPU
		{EBBB20B1-2823-427F-B9FB-CCE576CA5DA0}.Release|Windows-x64.Build.0 = Release|Any CPU
		{EBBB20B1-2823-427F-B9FB-CCE576CA5DA0}.Release|Windows-x86.ActiveCfg = Release|Any CPU
		{EBBB20B1-2823-427F-B9FB-CCE576CA5DA0}.Release|Windows-x86.Build.0 = Release|Any CPU
		{EBBB20B1-2823-427F-B9FB-CCE576CA5DA0}.Release|x86.ActiveCfg = Release|Any CPU
		{EBBB20B1-2823-427F-B9FB-CCE576CA5DA0}.Release|x86.Build.0 = Release|Any CPU
		{92F2F8AE-63B8-4645-AC7F-A13798BB45BE}.Debug|Android.ActiveCfg = Debug|Any CPU
		{92F2F8AE-63B8-4645-AC7F-A13798BB45BE}.Debug|Android.Build.0 = Debug|Any CPU
		{92F2F8AE-63B8-4645-AC7F-A13798BB45BE}.Debug|Any CPU.ActiveCfg = Debug|Any CPU
		{92F2F8AE-63B8-4645-AC7F-A13798BB45BE}.Debug|Any CPU.Build.0 = Debug|Any CPU
		{92F2F8AE-63B8-4645-AC7F-A13798BB45BE}.Debug|iOS.ActiveCfg = Debug|Any CPU
		{92F2F8AE-63B8-4645-AC7F-A13798BB45BE}.Debug|iOS.Build.0 = Debug|Any CPU
		{92F2F8AE-63B8-4645-AC7F-A13798BB45BE}.Debug|Windows-ARM.ActiveCfg = Debug|Any CPU
		{92F2F8AE-63B8-4645-AC7F-A13798BB45BE}.Debug|Windows-ARM.Build.0 = Debug|Any CPU
		{92F2F8AE-63B8-4645-AC7F-A13798BB45BE}.Debug|Windows-x64.ActiveCfg = Debug|Any CPU
		{92F2F8AE-63B8-4645-AC7F-A13798BB45BE}.Debug|Windows-x64.Build.0 = Debug|Any CPU
		{92F2F8AE-63B8-4645-AC7F-A13798BB45BE}.Debug|Windows-x86.ActiveCfg = Debug|Any CPU
		{92F2F8AE-63B8-4645-AC7F-A13798BB45BE}.Debug|Windows-x86.Build.0 = Debug|Any CPU
		{92F2F8AE-63B8-4645-AC7F-A13798BB45BE}.Debug|x86.ActiveCfg = Debug|Any CPU
		{92F2F8AE-63B8-4645-AC7F-A13798BB45BE}.Debug|x86.Build.0 = Debug|Any CPU
		{92F2F8AE-63B8-4645-AC7F-A13798BB45BE}.Release|Android.ActiveCfg = Release|Any CPU
		{92F2F8AE-63B8-4645-AC7F-A13798BB45BE}.Release|Android.Build.0 = Release|Any CPU
		{92F2F8AE-63B8-4645-AC7F-A13798BB45BE}.Release|Any CPU.ActiveCfg = Release|Any CPU
		{92F2F8AE-63B8-4645-AC7F-A13798BB45BE}.Release|Any CPU.Build.0 = Release|Any CPU
		{92F2F8AE-63B8-4645-AC7F-A13798BB45BE}.Release|iOS.ActiveCfg = Release|Any CPU
		{92F2F8AE-63B8-4645-AC7F-A13798BB45BE}.Release|iOS.Build.0 = Release|Any CPU
		{92F2F8AE-63B8-4645-AC7F-A13798BB45BE}.Release|Windows-ARM.ActiveCfg = Release|Any CPU
		{92F2F8AE-63B8-4645-AC7F-A13798BB45BE}.Release|Windows-ARM.Build.0 = Release|Any CPU
		{92F2F8AE-63B8-4645-AC7F-A13798BB45BE}.Release|Windows-x64.ActiveCfg = Release|Any CPU
		{92F2F8AE-63B8-4645-AC7F-A13798BB45BE}.Release|Windows-x64.Build.0 = Release|Any CPU
		{92F2F8AE-63B8-4645-AC7F-A13798BB45BE}.Release|Windows-x86.ActiveCfg = Release|Any CPU
		{92F2F8AE-63B8-4645-AC7F-A13798BB45BE}.Release|Windows-x86.Build.0 = Release|Any CPU
		{92F2F8AE-63B8-4645-AC7F-A13798BB45BE}.Release|x86.ActiveCfg = Release|Any CPU
		{92F2F8AE-63B8-4645-AC7F-A13798BB45BE}.Release|x86.Build.0 = Release|Any CPU
		{EC64C857-F230-4F12-B656-16AB0FF272E4}.Debug|Android.ActiveCfg = Debug|x86
		{EC64C857-F230-4F12-B656-16AB0FF272E4}.Debug|Any CPU.ActiveCfg = Debug|x86
		{EC64C857-F230-4F12-B656-16AB0FF272E4}.Debug|iOS.ActiveCfg = Debug|x86
		{EC64C857-F230-4F12-B656-16AB0FF272E4}.Debug|Windows-ARM.ActiveCfg = Debug|x86
		{EC64C857-F230-4F12-B656-16AB0FF272E4}.Debug|Windows-x64.ActiveCfg = Debug|x86
		{EC64C857-F230-4F12-B656-16AB0FF272E4}.Debug|Windows-x86.ActiveCfg = Debug|x86
		{EC64C857-F230-4F12-B656-16AB0FF272E4}.Debug|x86.ActiveCfg = Debug|x86
		{EC64C857-F230-4F12-B656-16AB0FF272E4}.Debug|x86.Build.0 = Debug|x86
		{EC64C857-F230-4F12-B656-16AB0FF272E4}.Release|Android.ActiveCfg = Release|x86
		{EC64C857-F230-4F12-B656-16AB0FF272E4}.Release|Any CPU.ActiveCfg = Release|x86
		{EC64C857-F230-4F12-B656-16AB0FF272E4}.Release|iOS.ActiveCfg = Release|x86
		{EC64C857-F230-4F12-B656-16AB0FF272E4}.Release|Windows-ARM.ActiveCfg = Release|x86
		{EC64C857-F230-4F12-B656-16AB0FF272E4}.Release|Windows-x64.ActiveCfg = Release|x86
		{EC64C857-F230-4F12-B656-16AB0FF272E4}.Release|Windows-x86.ActiveCfg = Release|x86
		{EC64C857-F230-4F12-B656-16AB0FF272E4}.Release|x86.ActiveCfg = Release|x86
		{EC64C857-F230-4F12-B656-16AB0FF272E4}.Release|x86.Build.0 = Release|x86
		{9CE5E0E8-3D9E-4B6B-A3D1-C1B2C842A458}.Debug|Android.ActiveCfg = Debug|Any CPU
		{9CE5E0E8-3D9E-4B6B-A3D1-C1B2C842A458}.Debug|Android.Build.0 = Debug|Any CPU
		{9CE5E0E8-3D9E-4B6B-A3D1-C1B2C842A458}.Debug|Any CPU.ActiveCfg = Debug|Any CPU
		{9CE5E0E8-3D9E-4B6B-A3D1-C1B2C842A458}.Debug|Any CPU.Build.0 = Debug|Any CPU
		{9CE5E0E8-3D9E-4B6B-A3D1-C1B2C842A458}.Debug|iOS.ActiveCfg = Debug|Any CPU
		{9CE5E0E8-3D9E-4B6B-A3D1-C1B2C842A458}.Debug|iOS.Build.0 = Debug|Any CPU
		{9CE5E0E8-3D9E-4B6B-A3D1-C1B2C842A458}.Debug|Windows-ARM.ActiveCfg = Debug|Any CPU
		{9CE5E0E8-3D9E-4B6B-A3D1-C1B2C842A458}.Debug|Windows-ARM.Build.0 = Debug|Any CPU
		{9CE5E0E8-3D9E-4B6B-A3D1-C1B2C842A458}.Debug|Windows-x64.ActiveCfg = Debug|Any CPU
		{9CE5E0E8-3D9E-4B6B-A3D1-C1B2C842A458}.Debug|Windows-x64.Build.0 = Debug|Any CPU
		{9CE5E0E8-3D9E-4B6B-A3D1-C1B2C842A458}.Debug|Windows-x86.ActiveCfg = Debug|Any CPU
		{9CE5E0E8-3D9E-4B6B-A3D1-C1B2C842A458}.Debug|Windows-x86.Build.0 = Debug|Any CPU
		{9CE5E0E8-3D9E-4B6B-A3D1-C1B2C842A458}.Debug|x86.ActiveCfg = Debug|Any CPU
		{9CE5E0E8-3D9E-4B6B-A3D1-C1B2C842A458}.Debug|x86.Build.0 = Debug|Any CPU
		{9CE5E0E8-3D9E-4B6B-A3D1-C1B2C842A458}.Release|Android.ActiveCfg = Release|Any CPU
		{9CE5E0E8-3D9E-4B6B-A3D1-C1B2C842A458}.Release|Android.Build.0 = Release|Any CPU
		{9CE5E0E8-3D9E-4B6B-A3D1-C1B2C842A458}.Release|Any CPU.ActiveCfg = Release|Any CPU
		{9CE5E0E8-3D9E-4B6B-A3D1-C1B2C842A458}.Release|Any CPU.Build.0 = Release|Any CPU
		{9CE5E0E8-3D9E-4B6B-A3D1-C1B2C842A458}.Release|iOS.ActiveCfg = Release|Any CPU
		{9CE5E0E8-3D9E-4B6B-A3D1-C1B2C842A458}.Release|iOS.Build.0 = Release|Any CPU
		{9CE5E0E8-3D9E-4B6B-A3D1-C1B2C842A458}.Release|Windows-ARM.ActiveCfg = Release|Any CPU
		{9CE5E0E8-3D9E-4B6B-A3D1-C1B2C842A458}.Release|Windows-ARM.Build.0 = Release|Any CPU
		{9CE5E0E8-3D9E-4B6B-A3D1-C1B2C842A458}.Release|Windows-x64.ActiveCfg = Release|Any CPU
		{9CE5E0E8-3D9E-4B6B-A3D1-C1B2C842A458}.Release|Windows-x64.Build.0 = Release|Any CPU
		{9CE5E0E8-3D9E-4B6B-A3D1-C1B2C842A458}.Release|Windows-x86.ActiveCfg = Release|Any CPU
		{9CE5E0E8-3D9E-4B6B-A3D1-C1B2C842A458}.Release|Windows-x86.Build.0 = Release|Any CPU
		{9CE5E0E8-3D9E-4B6B-A3D1-C1B2C842A458}.Release|x86.ActiveCfg = Release|Any CPU
		{9CE5E0E8-3D9E-4B6B-A3D1-C1B2C842A458}.Release|x86.Build.0 = Release|Any CPU
		{B48CC713-DB2A-4FB8-854F-FD300E76AC47}.Debug|Android.ActiveCfg = Debug|x86
		{B48CC713-DB2A-4FB8-854F-FD300E76AC47}.Debug|Any CPU.ActiveCfg = Debug|x86
		{B48CC713-DB2A-4FB8-854F-FD300E76AC47}.Debug|iOS.ActiveCfg = Debug|x86
		{B48CC713-DB2A-4FB8-854F-FD300E76AC47}.Debug|Windows-ARM.ActiveCfg = Debug|x86
		{B48CC713-DB2A-4FB8-854F-FD300E76AC47}.Debug|Windows-x64.ActiveCfg = Debug|x86
		{B48CC713-DB2A-4FB8-854F-FD300E76AC47}.Debug|Windows-x86.ActiveCfg = Debug|x86
		{B48CC713-DB2A-4FB8-854F-FD300E76AC47}.Debug|x86.ActiveCfg = Debug|x86
		{B48CC713-DB2A-4FB8-854F-FD300E76AC47}.Debug|x86.Build.0 = Debug|x86
		{B48CC713-DB2A-4FB8-854F-FD300E76AC47}.Release|Android.ActiveCfg = Release|x86
		{B48CC713-DB2A-4FB8-854F-FD300E76AC47}.Release|Any CPU.ActiveCfg = Release|x86
		{B48CC713-DB2A-4FB8-854F-FD300E76AC47}.Release|iOS.ActiveCfg = Release|x86
		{B48CC713-DB2A-4FB8-854F-FD300E76AC47}.Release|Windows-ARM.ActiveCfg = Release|x86
		{B48CC713-DB2A-4FB8-854F-FD300E76AC47}.Release|Windows-x64.ActiveCfg = Release|x86
		{B48CC713-DB2A-4FB8-854F-FD300E76AC47}.Release|Windows-x86.ActiveCfg = Release|x86
		{B48CC713-DB2A-4FB8-854F-FD300E76AC47}.Release|x86.ActiveCfg = Release|x86
		{B48CC713-DB2A-4FB8-854F-FD300E76AC47}.Release|x86.Build.0 = Release|x86
	EndGlobalSection
	GlobalSection(SolutionProperties) = preSolution
		HideSolutionNode = FALSE
	EndGlobalSection
	GlobalSection(ExtensibilityGlobals) = postSolution
		SolutionGuid = {2B4FC0F1-718C-41A1-BF97-935DC2627022}
	EndGlobalSection
EndGlobal
